// !$*UTF8*$!
{
	archiveVersion = 1;
	classes = {
	};
	objectVersion = 46;
	objects = {

/* Begin PBXBuildFile section */
		2246C7581E131F38009696CE /* AppDelegate.swift in Sources */ = {isa = PBXBuildFile; fileRef = 2246C7571E131F38009696CE /* AppDelegate.swift */; };
		2246C75A1E131F38009696CE /* ViewController.swift in Sources */ = {isa = PBXBuildFile; fileRef = 2246C7591E131F38009696CE /* ViewController.swift */; };
		2246C75D1E131F38009696CE /* Main.storyboard in Resources */ = {isa = PBXBuildFile; fileRef = 2246C75B1E131F38009696CE /* Main.storyboard */; };
		2246C75F1E131F38009696CE /* Assets.xcassets in Resources */ = {isa = PBXBuildFile; fileRef = 2246C75E1E131F38009696CE /* Assets.xcassets */; };
		2246C7621E131F38009696CE /* LaunchScreen.storyboard in Resources */ = {isa = PBXBuildFile; fileRef = 2246C7601E131F38009696CE /* LaunchScreen.storyboard */; };
		2246C76D1E131F39009696CE /* pruebaGitTests.swift in Sources */ = {isa = PBXBuildFile; fileRef = 2246C76C1E131F39009696CE /* pruebaGitTests.swift */; };
		2246C7781E131F39009696CE /* pruebaGitUITests.swift in Sources */ = {isa = PBXBuildFile; fileRef = 2246C7771E131F39009696CE /* pruebaGitUITests.swift */; };
/* End PBXBuildFile section */

/* Begin PBXContainerItemProxy section */
		2246C7691E131F39009696CE /* PBXContainerItemProxy */ = {
			isa = PBXContainerItemProxy;
			containerPortal = 2246C74C1E131F38009696CE /* Project object */;
			proxyType = 1;
			remoteGlobalIDString = 2246C7531E131F38009696CE;
			remoteInfo = pruebaGit;
		};
		2246C7741E131F39009696CE /* PBXContainerItemProxy */ = {
			isa = PBXContainerItemProxy;
			containerPortal = 2246C74C1E131F38009696CE /* Project object */;
			proxyType = 1;
			remoteGlobalIDString = 2246C7531E131F38009696CE;
			remoteInfo = pruebaGit;
		};
/* End PBXContainerItemProxy section */

/* Begin PBXFileReference section */
		2246C7541E131F38009696CE /* pruebaGit.app */ = {isa = PBXFileReference; explicitFileType = wrapper.application; includeInIndex = 0; path = pruebaGit.app; sourceTree = BUILT_PRODUCTS_DIR; };
		2246C7571E131F38009696CE /* AppDelegate.swift */ = {isa = PBXFileReference; lastKnownFileType = sourcecode.swift; path = AppDelegate.swift; sourceTree = "<group>"; };
		2246C7591E131F38009696CE /* ViewController.swift */ = {isa = PBXFileReference; lastKnownFileType = sourcecode.swift; path = ViewController.swift; sourceTree = "<group>"; };
		2246C75C1E131F38009696CE /* Base */ = {isa = PBXFileReference; lastKnownFileType = file.storyboard; name = Base; path = Base.lproj/Main.storyboard; sourceTree = "<group>"; };
		2246C75E1E131F38009696CE /* Assets.xcassets */ = {isa = PBXFileReference; lastKnownFileType = folder.assetcatalog; path = Assets.xcassets; sourceTree = "<group>"; };
		2246C7611E131F38009696CE /* Base */ = {isa = PBXFileReference; lastKnownFileType = file.storyboard; name = Base; path = Base.lproj/LaunchScreen.storyboard; sourceTree = "<group>"; };
		2246C7631E131F38009696CE /* Info.plist */ = {isa = PBXFileReference; lastKnownFileType = text.plist.xml; path = Info.plist; sourceTree = "<group>"; };
		2246C7681E131F39009696CE /* pruebaGitTests.xctest */ = {isa = PBXFileReference; explicitFileType = wrapper.cfbundle; includeInIndex = 0; path = pruebaGitTests.xctest; sourceTree = BUILT_PRODUCTS_DIR; };
		2246C76C1E131F39009696CE /* pruebaGitTests.swift */ = {isa = PBXFileReference; lastKnownFileType = sourcecode.swift; path = pruebaGitTests.swift; sourceTree = "<group>"; };
		2246C76E1E131F39009696CE /* Info.plist */ = {isa = PBXFileReference; lastKnownFileType = text.plist.xml; path = Info.plist; sourceTree = "<group>"; };
		2246C7731E131F39009696CE /* pruebaGitUITests.xctest */ = {isa = PBXFileReference; explicitFileType = wrapper.cfbundle; includeInIndex = 0; path = pruebaGitUITests.xctest; sourceTree = BUILT_PRODUCTS_DIR; };
		2246C7771E131F39009696CE /* pruebaGitUITests.swift */ = {isa = PBXFileReference; lastKnownFileType = sourcecode.swift; path = pruebaGitUITests.swift; sourceTree = "<group>"; };
		2246C7791E131F39009696CE /* Info.plist */ = {isa = PBXFileReference; lastKnownFileType = text.plist.xml; path = Info.plist; sourceTree = "<group>"; };
/* End PBXFileReference section */

/* Begin PBXFrameworksBuildPhase section */
		2246C7511E131F38009696CE /* Frameworks */ = {
			isa = PBXFrameworksBuildPhase;
			buildActionMask = 2147483647;
			files = (
			);
			runOnlyForDeploymentPostprocessing = 0;
		};
		2246C7651E131F39009696CE /* Frameworks */ = {
			isa = PBXFrameworksBuildPhase;
			buildActionMask = 2147483647;
			files = (
			);
			runOnlyForDeploymentPostprocessing = 0;
		};
		2246C7701E131F39009696CE /* Frameworks */ = {
			isa = PBXFrameworksBuildPhase;
			buildActionMask = 2147483647;
			files = (
			);
			runOnlyForDeploymentPostprocessing = 0;
		};
/* End PBXFrameworksBuildPhase section */

/* Begin PBXGroup section */
		2246C74B1E131F38009696CE = {
			isa = PBXGroup;
			children = (
				2246C7561E131F38009696CE /* pruebaGit */,
				2246C76B1E131F39009696CE /* pruebaGitTests */,
				2246C7761E131F39009696CE /* pruebaGitUITests */,
				2246C7551E131F38009696CE /* Products */,
			);
			sourceTree = "<group>";
		};
		2246C7551E131F38009696CE /* Products */ = {
			isa = PBXGroup;
			children = (
				2246C7541E131F38009696CE /* pruebaGit.app */,
				2246C7681E131F39009696CE /* pruebaGitTests.xctest */,
				2246C7731E131F39009696CE /* pruebaGitUITests.xctest */,
			);
			name = Products;
			sourceTree = "<group>";
		};
		2246C7561E131F38009696CE /* pruebaGit */ = {
			isa = PBXGroup;
			children = (
				2246C7571E131F38009696CE /* AppDelegate.swift */,
				2246C7591E131F38009696CE /* ViewController.swift */,
				2246C75B1E131F38009696CE /* Main.storyboard */,
				2246C75E1E131F38009696CE /* Assets.xcassets */,
				2246C7601E131F38009696CE /* LaunchScreen.storyboard */,
				2246C7631E131F38009696CE /* Info.plist */,
			);
			path = pruebaGit;
			sourceTree = "<group>";
		};
		2246C76B1E131F39009696CE /* pruebaGitTests */ = {
			isa = PBXGroup;
			children = (
				2246C76C1E131F39009696CE /* pruebaGitTests.swift */,
				2246C76E1E131F39009696CE /* Info.plist */,
			);
			path = pruebaGitTests;
			sourceTree = "<group>";
		};
		2246C7761E131F39009696CE /* pruebaGitUITests */ = {
			isa = PBXGroup;
			children = (
				2246C7771E131F39009696CE /* pruebaGitUITests.swift */,
				2246C7791E131F39009696CE /* Info.plist */,
			);
			path = pruebaGitUITests;
			sourceTree = "<group>";
		};
/* End PBXGroup section */

/* Begin PBXNativeTarget section */
		2246C7531E131F38009696CE /* pruebaGit */ = {
			isa = PBXNativeTarget;
			buildConfigurationList = 2246C77C1E131F39009696CE /* Build configuration list for PBXNativeTarget "pruebaGit" */;
			buildPhases = (
				2246C7501E131F38009696CE /* Sources */,
				2246C7511E131F38009696CE /* Frameworks */,
				2246C7521E131F38009696CE /* Resources */,
			);
			buildRules = (
			);
			dependencies = (
			);
			name = pruebaGit;
			productName = pruebaGit;
			productReference = 2246C7541E131F38009696CE /* pruebaGit.app */;
			productType = "com.apple.product-type.application";
		};
		2246C7671E131F39009696CE /* pruebaGitTests */ = {
			isa = PBXNativeTarget;
			buildConfigurationList = 2246C77F1E131F39009696CE /* Build configuration list for PBXNativeTarget "pruebaGitTests" */;
			buildPhases = (
				2246C7641E131F39009696CE /* Sources */,
				2246C7651E131F39009696CE /* Frameworks */,
				2246C7661E131F39009696CE /* Resources */,
			);
			buildRules = (
			);
			dependencies = (
				2246C76A1E131F39009696CE /* PBXTargetDependency */,
			);
			name = pruebaGitTests;
			productName = pruebaGitTests;
			productReference = 2246C7681E131F39009696CE /* pruebaGitTests.xctest */;
			productType = "com.apple.product-type.bundle.unit-test";
		};
		2246C7721E131F39009696CE /* pruebaGitUITests */ = {
			isa = PBXNativeTarget;
			buildConfigurationList = 2246C7821E131F39009696CE /* Build configuration list for PBXNativeTarget "pruebaGitUITests" */;
			buildPhases = (
				2246C76F1E131F39009696CE /* Sources */,
				2246C7701E131F39009696CE /* Frameworks */,
				2246C7711E131F39009696CE /* Resources */,
			);
			buildRules = (
			);
			dependencies = (
				2246C7751E131F39009696CE /* PBXTargetDependency */,
			);
			name = pruebaGitUITests;
			productName = pruebaGitUITests;
			productReference = 2246C7731E131F39009696CE /* pruebaGitUITests.xctest */;
			productType = "com.apple.product-type.bundle.ui-testing";
		};
/* End PBXNativeTarget section */

/* Begin PBXProject section */
		2246C74C1E131F38009696CE /* Project object */ = {
			isa = PBXProject;
			attributes = {
				LastSwiftUpdateCheck = 0820;
				LastUpgradeCheck = 0820;
				ORGANIZATIONNAME = EGuerrero;
				TargetAttributes = {
					2246C7531E131F38009696CE = {
						CreatedOnToolsVersion = 8.2.1;
						ProvisioningStyle = Automatic;
					};
					2246C7671E131F39009696CE = {
						CreatedOnToolsVersion = 8.2.1;
						ProvisioningStyle = Automatic;
						TestTargetID = 2246C7531E131F38009696CE;
					};
					2246C7721E131F39009696CE = {
						CreatedOnToolsVersion = 8.2.1;
						ProvisioningStyle = Automatic;
						TestTargetID = 2246C7531E131F38009696CE;
					};
				};
			};
			buildConfigurationList = 2246C74F1E131F38009696CE /* Build configuration list for PBXProject "pruebaGit" */;
			compatibilityVersion = "Xcode 3.2";
			developmentRegion = English;
			hasScannedForEncodings = 0;
			knownRegions = (
				en,
				Base,
			);
			mainGroup = 2246C74B1E131F38009696CE;
			productRefGroup = 2246C7551E131F38009696CE /* Products */;
			projectDirPath = "";
			projectRoot = "";
			targets = (
				2246C7531E131F38009696CE /* pruebaGit */,
				2246C7671E131F39009696CE /* pruebaGitTests */,
				2246C7721E131F39009696CE /* pruebaGitUITests */,
			);
		};
/* End PBXProject section */

/* Begin PBXResourcesBuildPhase section */
		2246C7521E131F38009696CE /* Resources */ = {
			isa = PBXResourcesBuildPhase;
			buildActionMask = 2147483647;
			files = (
				2246C7621E131F38009696CE /* LaunchScreen.storyboard in Resources */,
				2246C75F1E131F38009696CE /* Assets.xcassets in Resources */,
				2246C75D1E131F38009696CE /* Main.storyboard in Resources */,
			);
			runOnlyForDeploymentPostprocessing = 0;
		};
		2246C7661E131F39009696CE /* Resources */ = {
			isa = PBXResourcesBuildPhase;
			buildActionMask = 2147483647;
			files = (
			);
			runOnlyForDeploymentPostprocessing = 0;
		};
		2246C7711E131F39009696CE /* Resources */ = {
			isa = PBXResourcesBuildPhase;
			buildActionMask = 2147483647;
			files = (
			);
			runOnlyForDeploymentPostprocessing = 0;
		};
/* End PBXResourcesBuildPhase section */

/* Begin PBXSourcesBuildPhase section */
		2246C7501E131F38009696CE /* Sources */ = {
			isa = PBXSourcesBuildPhase;
			buildActionMask = 2147483647;
			files = (
				2246C75A1E131F38009696CE /* ViewController.swift in Sources */,
				2246C7581E131F38009696CE /* AppDelegate.swift in Sources */,
			);
			runOnlyForDeploymentPostprocessing = 0;
		};
		2246C7641E131F39009696CE /* Sources */ = {
			isa = PBXSourcesBuildPhase;
			buildActionMask = 2147483647;
			files = (
				2246C76D1E131F39009696CE /* pruebaGitTests.swift in Sources */,
			);
			runOnlyForDeploymentPostprocessing = 0;
		};
		2246C76F1E131F39009696CE /* Sources */ = {
			isa = PBXSourcesBuildPhase;
			buildActionMask = 2147483647;
			files = (
				2246C7781E131F39009696CE /* pruebaGitUITests.swift in Sources */,
			);
			runOnlyForDeploymentPostprocessing = 0;
		};
/* End PBXSourcesBuildPhase section */

/* Begin PBXTargetDependency section */
		2246C76A1E131F39009696CE /* PBXTargetDependency */ = {
			isa = PBXTargetDependency;
			target = 2246C7531E131F38009696CE /* pruebaGit */;
			targetProxy = 2246C7691E131F39009696CE /* PBXContainerItemProxy */;
		};
		2246C7751E131F39009696CE /* PBXTargetDependency */ = {
			isa = PBXTargetDependency;
			target = 2246C7531E131F38009696CE /* pruebaGit */;
			targetProxy = 2246C7741E131F39009696CE /* PBXContainerItemProxy */;
		};
/* End PBXTargetDependency section */

/* Begin PBXVariantGroup section */
		2246C75B1E131F38009696CE /* Main.storyboard */ = {
			isa = PBXVariantGroup;
			children = (
				2246C75C1E131F38009696CE /* Base */,
			);
			name = Main.storyboard;
			sourceTree = "<group>";
		};
		2246C7601E131F38009696CE /* LaunchScreen.storyboard */ = {
			isa = PBXVariantGroup;
			children = (
				2246C7611E131F38009696CE /* Base */,
			);
			name = LaunchScreen.storyboard;
			sourceTree = "<group>";
		};
/* End PBXVariantGroup section */

/* Begin XCBuildConfiguration section */
		2246C77A1E131F39009696CE /* Debug */ = {
			isa = XCBuildConfiguration;
			buildSettings = {
				ALWAYS_SEARCH_USER_PATHS = NO;
				CLANG_ANALYZER_NONNULL = YES;
				CLANG_CXX_LANGUAGE_STANDARD = "gnu++0x";
				CLANG_CXX_LIBRARY = "libc++";
				CLANG_ENABLE_MODULES = YES;
				CLANG_ENABLE_OBJC_ARC = YES;
				CLANG_WARN_BOOL_CONVERSION = YES;
				CLANG_WARN_CONSTANT_CONVERSION = YES;
				CLANG_WARN_DIRECT_OBJC_ISA_USAGE = YES_ERROR;
				CLANG_WARN_DOCUMENTATION_COMMENTS = YES;
				CLANG_WARN_EMPTY_BODY = YES;
				CLANG_WARN_ENUM_CONVERSION = YES;
				CLANG_WARN_INFINITE_RECURSION = YES;
				CLANG_WARN_INT_CONVERSION = YES;
				CLANG_WARN_OBJC_ROOT_CLASS = YES_ERROR;
				CLANG_WARN_SUSPICIOUS_MOVE = YES;
				CLANG_WARN_UNREACHABLE_CODE = YES;
				CLANG_WARN__DUPLICATE_METHOD_MATCH = YES;
				"CODE_SIGN_IDENTITY[sdk=iphoneos*]" = "iPhone Developer";
				COPY_PHASE_STRIP = NO;
				DEBUG_INFORMATION_FORMAT = dwarf;
				ENABLE_STRICT_OBJC_MSGSEND = YES;
				ENABLE_TESTABILITY = YES;
				GCC_C_LANGUAGE_STANDARD = gnu99;
				GCC_DYNAMIC_NO_PIC = NO;
				GCC_NO_COMMON_BLOCKS = YES;
				GCC_OPTIMIZATION_LEVEL = 0;
				GCC_PREPROCESSOR_DEFINITIONS = (
					"DEBUG=1",
					"$(inherited)",
				);
				GCC_WARN_64_TO_32_BIT_CONVERSION = YES;
				GCC_WARN_ABOUT_RETURN_TYPE = YES_ERROR;
				GCC_WARN_UNDECLARED_SELECTOR = YES;
				GCC_WARN_UNINITIALIZED_AUTOS = YES_AGGRESSIVE;
				GCC_WARN_UNUSED_FUNCTION = YES;
				GCC_WARN_UNUSED_VARIABLE = YES;
				IPHONEOS_DEPLOYMENT_TARGET = 10.2;
				MTL_ENABLE_DEBUG_INFO = YES;
				ONLY_ACTIVE_ARCH = YES;
				SDKROOT = iphoneos;
				SWIFT_ACTIVE_COMPILATION_CONDITIONS = DEBUG;
				SWIFT_OPTIMIZATION_LEVEL = "-Onone";
			};
			name = Debug;
		};
		2246C77B1E131F39009696CE /* Release */ = {
			isa = XCBuildConfiguration;
			buildSettings = {
				ALWAYS_SEARCH_USER_PATHS = NO;
				CLANG_ANALYZER_NONNULL = YES;
				CLANG_CXX_LANGUAGE_STANDARD = "gnu++0x";
				CLANG_CXX_LIBRARY = "libc++";
				CLANG_ENABLE_MODULES = YES;
				CLANG_ENABLE_OBJC_ARC = YES;
				CLANG_WARN_BOOL_CONVERSION = YES;
				CLANG_WARN_CONSTANT_CONVERSION = YES;
				CLANG_WARN_DIRECT_OBJC_ISA_USAGE = YES_ERROR;
				CLANG_WARN_DOCUMENTATION_COMMENTS = YES;
				CLANG_WARN_EMPTY_BODY = YES;
				CLANG_WARN_ENUM_CONVERSION = YES;
				CLANG_WARN_INFINITE_RECURSION = YES;
				CLANG_WARN_INT_CONVERSION = YES;
				CLANG_WARN_OBJC_ROOT_CLASS = YES_ERROR;
				CLANG_WARN_SUSPICIOUS_MOVE = YES;
				CLANG_WARN_UNREACHABLE_CODE = YES;
				CLANG_WARN__DUPLICATE_METHOD_MATCH = YES;
				"CODE_SIGN_IDENTITY[sdk=iphoneos*]" = "iPhone Developer";
				COPY_PHASE_STRIP = NO;
				DEBUG_INFORMATION_FORMAT = "dwarf-with-dsym";
				ENABLE_NS_ASSERTIONS = NO;
				ENABLE_STRICT_OBJC_MSGSEND = YES;
				GCC_C_LANGUAGE_STANDARD = gnu99;
				GCC_NO_COMMON_BLOCKS = YES;
				GCC_WARN_64_TO_32_BIT_CONVERSION = YES;
				GCC_WARN_ABOUT_RETURN_TYPE = YES_ERROR;
				GCC_WARN_UNDECLARED_SELECTOR = YES;
				GCC_WARN_UNINITIALIZED_AUTOS = YES_AGGRESSIVE;
				GCC_WARN_UNUSED_FUNCTION = YES;
				GCC_WARN_UNUSED_VARIABLE = YES;
				IPHONEOS_DEPLOYMENT_TARGET = 10.2;
				MTL_ENABLE_DEBUG_INFO = NO;
				SDKROOT = iphoneos;
				SWIFT_OPTIMIZATION_LEVEL = "-Owholemodule";
				VALIDATE_PRODUCT = YES;
			};
			name = Release;
		};
		2246C77D1E131F39009696CE /* Debug */ = {
			isa = XCBuildConfiguration;
			buildSettings = {
				ASSETCATALOG_COMPILER_APPICON_NAME = AppIcon;
				INFOPLIST_FILE = pruebaGit/Info.plist;
				LD_RUNPATH_SEARCH_PATHS = "$(inherited) @executable_path/Frameworks";
				PRODUCT_BUNDLE_IDENTIFIER = peruDev.pruebaGit;
				PRODUCT_NAME = "$(TARGET_NAME)";
				SWIFT_VERSION = 3.0;
			};
			name = Debug;
		};
		2246C77E1E131F39009696CE /* Release */ = {
			isa = XCBuildConfiguration;
			buildSettings = {
				ASSETCATALOG_COMPILER_APPICON_NAME = AppIcon;
				INFOPLIST_FILE = pruebaGit/Info.plist;
				LD_RUNPATH_SEARCH_PATHS = "$(inherited) @executable_path/Frameworks";
				PRODUCT_BUNDLE_IDENTIFIER = peruDev.pruebaGit;
				PRODUCT_NAME = "$(TARGET_NAME)";
				SWIFT_VERSION = 3.0;
			};
			name = Release;
		};
		2246C7801E131F39009696CE /* Debug */ = {
			isa = XCBuildConfiguration;
			buildSettings = {
				ALWAYS_EMBED_SWIFT_STANDARD_LIBRARIES = YES;
				BUNDLE_LOADER = "$(TEST_HOST)";
				INFOPLIST_FILE = pruebaGitTests/Info.plist;
				LD_RUNPATH_SEARCH_PATHS = "$(inherited) @executable_path/Frameworks @loader_path/Frameworks";
				PRODUCT_BUNDLE_IDENTIFIER = peruDev.pruebaGitTests;
				PRODUCT_NAME = "$(TARGET_NAME)";
				SWIFT_VERSION = 3.0;
				TEST_HOST = "$(BUILT_PRODUCTS_DIR)/pruebaGit.app/pruebaGit";
			};
			name = Debug;
		};
		2246C7811E131F39009696CE /* Release */ = {
			isa = XCBuildConfiguration;
			buildSettings = {
				ALWAYS_EMBED_SWIFT_STANDARD_LIBRARIES = YES;
				BUNDLE_LOADER = "$(TEST_HOST)";
				INFOPLIST_FILE = pruebaGitTests/Info.plist;
				LD_RUNPATH_SEARCH_PATHS = "$(inherited) @executable_path/Frameworks @loader_path/Frameworks";
				PRODUCT_BUNDLE_IDENTIFIER = peruDev.pruebaGitTests;
				PRODUCT_NAME = "$(TARGET_NAME)";
				SWIFT_VERSION = 3.0;
				TEST_HOST = "$(BUILT_PRODUCTS_DIR)/pruebaGit.app/pruebaGit";
			};
			name = Release;
		};
		2246C7831E131F39009696CE /* Debug */ = {
			isa = XCBuildConfiguration;
			buildSettings = {
				ALWAYS_EMBED_SWIFT_STANDARD_LIBRARIES = YES;
				INFOPLIST_FILE = pruebaGitUITests/Info.plist;
				LD_RUNPATH_SEARCH_PATHS = "$(inherited) @executable_path/Frameworks @loader_path/Frameworks";
				PRODUCT_BUNDLE_IDENTIFIER = peruDev.pruebaGitUITests;
				PRODUCT_NAME = "$(TARGET_NAME)";
				SWIFT_VERSION = 3.0;
				TEST_TARGET_NAME = pruebaGit;
			};
			name = Debug;
		};
		2246C7841E131F39009696CE /* Release */ = {
			isa = XCBuildConfiguration;
			buildSettings = {
				ALWAYS_EMBED_SWIFT_STANDARD_LIBRARIES = YES;
				INFOPLIST_FILE = pruebaGitUITests/Info.plist;
				LD_RUNPATH_SEARCH_PATHS = "$(inherited) @executable_path/Frameworks @loader_path/Frameworks";
				PRODUCT_BUNDLE_IDENTIFIER = peruDev.pruebaGitUITests;
				PRODUCT_NAME = "$(TARGET_NAME)";
				SWIFT_VERSION = 3.0;
				TEST_TARGET_NAME = pruebaGit;
			};
			name = Release;
		};
/* End XCBuildConfiguration section */

/* Begin XCConfigurationList section */
		2246C74F1E131F38009696CE /* Build configuration list for PBXProject "pruebaGit" */ = {
			isa = XCConfigurationList;
			buildConfigurations = (
				2246C77A1E131F39009696CE /* Debug */,
				2246C77B1E131F39009696CE /* Release */,
			);
			defaultConfigurationIsVisible = 0;
			defaultConfigurationName = Release;
		};
		2246C77C1E131F39009696CE /* Build configuration list for PBXNativeTarget "pruebaGit" */ = {
			isa = XCConfigurationList;
			buildConfigurations = (
				2246C77D1E131F39009696CE /* Debug */,
				2246C77E1E131F39009696CE /* Release */,
			);
			defaultConfigurationIsVisible = 0;
		};
		2246C77F1E131F39009696CE /* Build configuration list for PBXNativeTarget "pruebaGitTests" */ = {
			isa = XCConfigurationList;
			buildConfigurations = (
				2246C7801E131F39009696CE /* Debug */,
				2246C7811E131F39009696CE /* Release */,
			);
			defaultConfigurationIsVisible = 0;
		};
		2246C7821E131F39009696CE /* Build configuration list for PBXNativeTarget "pruebaGitUITests" */ = {
			isa = XCConfigurationList;
			buildConfigurations = (
				2246C7831E131F39009696CE /* Debug */,
				2246C7841E131F39009696CE /* Release */,
			);
			defaultConfigurationIsVisible = 0;
		};
/* End XCConfigurationList section */
	};
	rootObject = 2246C74C1E131F38009696CE /* Project object */;
}
